
Microsoft Visual Studio Solution File, Format Version 12.00
# Visual Studio 15
VisualStudioVersion = 15.0.28307.1022
MinimumVisualStudioVersion = 10.0.40219.1
Project("{8BC9CEB8-8B4A-11D0-8D11-00A0C91BC942}") = "work1", "work1\work1.vcxproj", "{A4F0677B-5E5B-404A-A816-197098C6DDB6}"
EndProject
Global
	GlobalSection(SolutionConfigurationPlatforms) = preSolution
		Debug|x64 = Debug|x64
		Debug|x86 = Debug|x86
		Release|x64 = Release|x64
		Release|x86 = Release|x86
	EndGlobalSection
	GlobalSection(ProjectConfigurationPlatforms) = postSolution
		{A4F0677B-5E5B-404A-A816-197098C6DDB6}.Debug|x64.ActiveCfg = Debug|x64
		{A4F0677B-5E5B-404A-A816-197098C6DDB6}.Debug|x64.Build.0 = Debug|x64
		{A4F0677B-5E5B-404A-A816-197098C6DDB6}.Debug|x86.ActiveCfg = Debug|Win32
		{A4F0677B-5E5B-404A-A816-197098C6DDB6}.Debug|x86.Build.0 = Debug|Win32
		{A4F0677B-5E5B-404A-A816-197098C6DDB6}.Release|x64.ActiveCfg = Release|x64
		{A4F0677B-5E5B-404A-A816-197098C6DDB6}.Release|x64.Build.0 = Release|x64
		{A4F0677B-5E5B-404A-A816-197098C6DDB6}.Release|x86.ActiveCfg = Release|Win32
		{A4F0677B-5E5B-404A-A816-197098C6DDB6}.Release|x86.Build.0 = Release|Win32
	EndGlobalSection
	GlobalSection(SolutionProperties) = preSolution
		HideSolutionNode = FALSE
	EndGlobalSection
	GlobalSection(ExtensibilityGlobals) = postSolution
		SolutionGuid = {CBE3CFF7-8F40-467E-B41B-14671F28B9F9}
	EndGlobalSection
EndGlobal
