
Microsoft Visual Studio Solution File, Format Version 12.00
# Visual Studio 15
VisualStudioVersion = 15.0.28307.1022
MinimumVisualStudioVersion = 10.0.40219.1
Project("{8BC9CEB8-8B4A-11D0-8D11-00A0C91BC942}") = "Project2", "Project2\Project2.vcxproj", "{44C33C54-3764-4386-A953-2C192FEE665F}"
EndProject
Global
	GlobalSection(SolutionConfigurationPlatforms) = preSolution
		Debug|x64 = Debug|x64
		Debug|x86 = Debug|x86
		Release|x64 = Release|x64
		Release|x86 = Release|x86
	EndGlobalSection
	GlobalSection(ProjectConfigurationPlatforms) = postSolution
		{44C33C54-3764-4386-A953-2C192FEE665F}.Debug|x64.ActiveCfg = Debug|x64
		{44C33C54-3764-4386-A953-2C192FEE665F}.Debug|x64.Build.0 = Debug|x64
		{44C33C54-3764-4386-A953-2C192FEE665F}.Debug|x86.ActiveCfg = Debug|Win32
		{44C33C54-3764-4386-A953-2C192FEE665F}.Debug|x86.Build.0 = Debug|Win32
		{44C33C54-3764-4386-A953-2C192FEE665F}.Release|x64.ActiveCfg = Release|x64
		{44C33C54-3764-4386-A953-2C192FEE665F}.Release|x64.Build.0 = Release|x64
		{44C33C54-3764-4386-A953-2C192FEE665F}.Release|x86.ActiveCfg = Release|Win32
		{44C33C54-3764-4386-A953-2C192FEE665F}.Release|x86.Build.0 = Release|Win32
	EndGlobalSection
	GlobalSection(SolutionProperties) = preSolution
		HideSolutionNode = FALSE
	EndGlobalSection
	GlobalSection(ExtensibilityGlobals) = postSolution
		SolutionGuid = {F6981AA4-74F7-4368-905C-53777B6690B1}
	EndGlobalSection
EndGlobal
